
Microsoft Visual Studio Solution File, Format Version 12.00
# Visual Studio Version 17
VisualStudioVersion = 17.14.36327.8 d17.14
MinimumVisualStudioVersion = 10.0.40219.1
Project("{FAE04EC0-301F-11D3-BF4B-00C04F79EFBC}") = "Demo.Prestation", "Demo.Prestation\Demo.Prestation.csproj", "{1F27D089-8C34-430B-A66F-E13F242A308F}"
EndProject
Project("{FAE04EC0-301F-11D3-BF4B-00C04F79EFBC}") = "Demo.BusinessLogic", "Demo.BusinessLogic\Demo.BusinessLogic.csproj", "{D0C8E51F-DFDA-4BAA-8297-DEC11963D24E}"
EndProject
Project("{FAE04EC0-301F-11D3-BF4B-00C04F79EFBC}") = "Demo.DataAccess", "Demo.DataAccess\Demo.DataAccess.csproj", "{004626A8-C24B-4BAE-9D36-CDB2EA197E10}"
EndProject
Global
	GlobalSection(SolutionConfigurationPlatforms) = preSolution
		Debug|Any CPU = Debug|Any CPU
		Release|Any CPU = Release|Any CPU
	EndGlobalSection
	GlobalSection(ProjectConfigurationPlatforms) = postSolution
		{1F27D089-8C34-430B-A66F-E13F242A308F}.Debug|Any CPU.ActiveCfg = Debug|Any CPU
		{1F27D089-8C34-430B-A66F-E13F242A308F}.Debug|Any CPU.Build.0 = Debug|Any CPU
		{1F27D089-8C34-430B-A66F-E13F242A308F}.Release|Any CPU.ActiveCfg = Release|Any CPU
		{1F27D089-8C34-430B-A66F-E13F242A308F}.Release|Any CPU.Build.0 = Release|Any CPU
		{D0C8E51F-DFDA-4BAA-8297-DEC11963D24E}.Debug|Any CPU.ActiveCfg = Debug|Any CPU
		{D0C8E51F-DFDA-4BAA-8297-DEC11963D24E}.Debug|Any CPU.Build.0 = Debug|Any CPU
		{D0C8E51F-DFDA-4BAA-8297-DEC11963D24E}.Release|Any CPU.ActiveCfg = Release|Any CPU
		{D0C8E51F-DFDA-4BAA-8297-DEC11963D24E}.Release|Any CPU.Build.0 = Release|Any CPU
		{004626A8-C24B-4BAE-9D36-CDB2EA197E10}.Debug|Any CPU.ActiveCfg = Debug|Any CPU
		{004626A8-C24B-4BAE-9D36-CDB2EA197E10}.Debug|Any CPU.Build.0 = Debug|Any CPU
		{004626A8-C24B-4BAE-9D36-CDB2EA197E10}.Release|Any CPU.ActiveCfg = Release|Any CPU
		{004626A8-C24B-4BAE-9D36-CDB2EA197E10}.Release|Any CPU.Build.0 = Release|Any CPU
	EndGlobalSection
	GlobalSection(SolutionProperties) = preSolution
		HideSolutionNode = FALSE
	EndGlobalSection
	GlobalSection(ExtensibilityGlobals) = postSolution
		SolutionGuid = {DA82A040-5EF0-45B4-8CF8-74BBC487386E}
	EndGlobalSection
EndGlobal
